// !$*UTF8*$!
{
	archiveVersion = 1;
	classes = {
	};
	objectVersion = 56;
	objects = {

/* Begin PBXBuildFile section */
		687130E42E14667A000E0CDA /* CountriesFlags.framework in Frameworks */ = {isa = PBXBuildFile; fileRef = 687130D92E14667A000E0CDA /* CountriesFlags.framework */; };
		687130E92E14667A000E0CDA /* CountriesFlagsTests.swift in Sources */ = {isa = PBXBuildFile; fileRef = 687130E82E14667A000E0CDA /* CountriesFlagsTests.swift */; };
		687130EA2E14667A000E0CDA /* CountriesFlags.h in Headers */ = {isa = PBXBuildFile; fileRef = 687130DC2E14667A000E0CDA /* CountriesFlags.h */; settings = {ATTRIBUTES = (Public, ); }; };
		687130F62E1466F0000E0CDA /* UIImage+Extension.swift in Sources */ = {isa = PBXBuildFile; fileRef = 687130F52E1466F0000E0CDA /* UIImage+Extension.swift */; };
		68B357602E154C9200B8BC0D /* UIImage+Ukraine.swift in Sources */ = {isa = PBXBuildFile; fileRef = 68B3575F2E154C9200B8BC0D /* UIImage+Ukraine.swift */; };
		68B357622E154EAC00B8BC0D /* UIImage+Russian.swift in Sources */ = {isa = PBXBuildFile; fileRef = 68B357612E154EAC00B8BC0D /* UIImage+Russian.swift */; };
		68B357662E156F8F00B8BC0D /* CountriesFlags.swift in Sources */ = {isa = PBXBuildFile; fileRef = 68B357652E156F8F00B8BC0D /* CountriesFlags.swift */; };
/* End PBXBuildFile section */

/* Begin PBXContainerItemProxy section */
		687130E52E14667A000E0CDA /* PBXContainerItemProxy */ = {
			isa = PBXContainerItemProxy;
			containerPortal = 687130D02E14667A000E0CDA /* Project object */;
			proxyType = 1;
			remoteGlobalIDString = 687130D82E14667A000E0CDA;
			remoteInfo = CountriesFlags;
		};
/* End PBXContainerItemProxy section */

/* Begin PBXFileReference section */
		687130D92E14667A000E0CDA /* CountriesFlags.framework */ = {isa = PBXFileReference; explicitFileType = wrapper.framework; includeInIndex = 0; path = CountriesFlags.framework; sourceTree = BUILT_PRODUCTS_DIR; };
		687130DC2E14667A000E0CDA /* CountriesFlags.h */ = {isa = PBXFileReference; lastKnownFileType = sourcecode.c.h; path = CountriesFlags.h; sourceTree = "<group>"; };
		687130E32E14667A000E0CDA /* CountriesFlagsTests.xctest */ = {isa = PBXFileReference; explicitFileType = wrapper.cfbundle; includeInIndex = 0; path = CountriesFlagsTests.xctest; sourceTree = BUILT_PRODUCTS_DIR; };
		687130E82E14667A000E0CDA /* CountriesFlagsTests.swift */ = {isa = PBXFileReference; lastKnownFileType = sourcecode.swift; path = CountriesFlagsTests.swift; sourceTree = "<group>"; };
		687130F32E14668F000E0CDA /* LICENSE */ = {isa = PBXFileReference; lastKnownFileType = text; name = LICENSE; path = ../LICENSE; sourceTree = "<group>"; };
		687130F42E14668F000E0CDA /* README.md */ = {isa = PBXFileReference; lastKnownFileType = net.daringfireball.markdown; name = README.md; path = ../README.md; sourceTree = "<group>"; };
		687130F52E1466F0000E0CDA /* UIImage+Extension.swift */ = {isa = PBXFileReference; lastKnownFileType = sourcecode.swift; path = "UIImage+Extension.swift"; sourceTree = "<group>"; };
		68B3575F2E154C9200B8BC0D /* UIImage+Ukraine.swift */ = {isa = PBXFileReference; lastKnownFileType = sourcecode.swift; path = "UIImage+Ukraine.swift"; sourceTree = "<group>"; };
		68B357612E154EAC00B8BC0D /* UIImage+Russian.swift */ = {isa = PBXFileReference; lastKnownFileType = sourcecode.swift; path = "UIImage+Russian.swift"; sourceTree = "<group>"; };
		68B357652E156F8F00B8BC0D /* CountriesFlags.swift */ = {isa = PBXFileReference; lastKnownFileType = sourcecode.swift; path = CountriesFlags.swift; sourceTree = "<group>"; };
/* End PBXFileReference section */

/* Begin PBXFrameworksBuildPhase section */
		687130D62E14667A000E0CDA /* Frameworks */ = {
			isa = PBXFrameworksBuildPhase;
			buildActionMask = 2147483647;
			files = (
			);
			runOnlyForDeploymentPostprocessing = 0;
		};
		687130E02E14667A000E0CDA /* Frameworks */ = {
			isa = PBXFrameworksBuildPhase;
			buildActionMask = 2147483647;
			files = (
				687130E42E14667A000E0CDA /* CountriesFlags.framework in Frameworks */,
			);
			runOnlyForDeploymentPostprocessing = 0;
		};
/* End PBXFrameworksBuildPhase section */

/* Begin PBXGroup section */
		687130CF2E14667A000E0CDA = {
			isa = PBXGroup;
			children = (
				687130F32E14668F000E0CDA /* LICENSE */,
				687130F42E14668F000E0CDA /* README.md */,
				687130DB2E14667A000E0CDA /* CountriesFlags */,
				687130E72E14667A000E0CDA /* CountriesFlagsTests */,
				687130DA2E14667A000E0CDA /* Products */,
			);
			sourceTree = "<group>";
		};
		687130DA2E14667A000E0CDA /* Products */ = {
			isa = PBXGroup;
			children = (
				687130D92E14667A000E0CDA /* CountriesFlags.framework */,
				687130E32E14667A000E0CDA /* CountriesFlagsTests.xctest */,
			);
			name = Products;
			sourceTree = "<group>";
		};
		687130DB2E14667A000E0CDA /* CountriesFlags */ = {
			isa = PBXGroup;
			children = (
				68B3575E2E154C6A00B8BC0D /* Countries */,
				687130DC2E14667A000E0CDA /* CountriesFlags.h */,
				687130F52E1466F0000E0CDA /* UIImage+Extension.swift */,
				68B357652E156F8F00B8BC0D /* CountriesFlags.swift */,
			);
			path = CountriesFlags;
			sourceTree = "<group>";
		};
		687130E72E14667A000E0CDA /* CountriesFlagsTests */ = {
			isa = PBXGroup;
			children = (
				687130E82E14667A000E0CDA /* CountriesFlagsTests.swift */,
			);
			path = CountriesFlagsTests;
			sourceTree = "<group>";
		};
		68B3575E2E154C6A00B8BC0D /* Countries */ = {
			isa = PBXGroup;
			children = (
				68B3575F2E154C9200B8BC0D /* UIImage+Ukraine.swift */,
				68B357612E154EAC00B8BC0D /* UIImage+Russian.swift */,
			);
			path = Countries;
			sourceTree = "<group>";
		};
/* End PBXGroup section */

/* Begin PBXHeadersBuildPhase section */
		687130D42E14667A000E0CDA /* Headers */ = {
			isa = PBXHeadersBuildPhase;
			buildActionMask = 2147483647;
			files = (
				687130EA2E14667A000E0CDA /* CountriesFlags.h in Headers */,
			);
			runOnlyForDeploymentPostprocessing = 0;
		};
/* End PBXHeadersBuildPhase section */

/* Begin PBXNativeTarget section */
		687130D82E14667A000E0CDA /* CountriesFlags */ = {
			isa = PBXNativeTarget;
			buildConfigurationList = 687130ED2E14667A000E0CDA /* Build configuration list for PBXNativeTarget "CountriesFlags" */;
			buildPhases = (
				687130D42E14667A000E0CDA /* Headers */,
				687130D52E14667A000E0CDA /* Sources */,
				687130D62E14667A000E0CDA /* Frameworks */,
				687130D72E14667A000E0CDA /* Resources */,
			);
			buildRules = (
			);
			dependencies = (
			);
			name = CountriesFlags;
			productName = CountriesFlags;
			productReference = 687130D92E14667A000E0CDA /* CountriesFlags.framework */;
			productType = "com.apple.product-type.framework";
		};
		687130E22E14667A000E0CDA /* CountriesFlagsTests */ = {
			isa = PBXNativeTarget;
			buildConfigurationList = 687130F02E14667A000E0CDA /* Build configuration list for PBXNativeTarget "CountriesFlagsTests" */;
			buildPhases = (
				687130DF2E14667A000E0CDA /* Sources */,
				687130E02E14667A000E0CDA /* Frameworks */,
				687130E12E14667A000E0CDA /* Resources */,
			);
			buildRules = (
			);
			dependencies = (
				687130E62E14667A000E0CDA /* PBXTargetDependency */,
			);
			name = CountriesFlagsTests;
			productName = CountriesFlagsTests;
			productReference = 687130E32E14667A000E0CDA /* CountriesFlagsTests.xctest */;
			productType = "com.apple.product-type.bundle.unit-test";
		};
/* End PBXNativeTarget section */

/* Begin PBXProject section */
		687130D02E14667A000E0CDA /* Project object */ = {
			isa = PBXProject;
			attributes = {
				BuildIndependentTargetsInParallel = 1;
				LastSwiftUpdateCheck = 1420;
				LastUpgradeCheck = 1420;
				TargetAttributes = {
					687130D82E14667A000E0CDA = {
						CreatedOnToolsVersion = 14.2;
					};
					687130E22E14667A000E0CDA = {
						CreatedOnToolsVersion = 14.2;
					};
				};
			};
			buildConfigurationList = 687130D32E14667A000E0CDA /* Build configuration list for PBXProject "CountriesFlags" */;
			compatibilityVersion = "Xcode 14.0";
			developmentRegion = en;
			hasScannedForEncodings = 0;
			knownRegions = (
				en,
				Base,
			);
			mainGroup = 687130CF2E14667A000E0CDA;
			productRefGroup = 687130DA2E14667A000E0CDA /* Products */;
			projectDirPath = "";
			projectRoot = "";
			targets = (
				687130D82E14667A000E0CDA /* CountriesFlags */,
				687130E22E14667A000E0CDA /* CountriesFlagsTests */,
			);
		};
/* End PBXProject section */

/* Begin PBXResourcesBuildPhase section */
		687130D72E14667A000E0CDA /* Resources */ = {
			isa = PBXResourcesBuildPhase;
			buildActionMask = 2147483647;
			files = (
			);
			runOnlyForDeploymentPostprocessing = 0;
		};
		687130E12E14667A000E0CDA /* Resources */ = {
			isa = PBXResourcesBuildPhase;
			buildActionMask = 2147483647;
			files = (
			);
			runOnlyForDeploymentPostprocessing = 0;
		};
/* End PBXResourcesBuildPhase section */

/* Begin PBXSourcesBuildPhase section */
		687130D52E14667A000E0CDA /* Sources */ = {
			isa = PBXSourcesBuildPhase;
			buildActionMask = 2147483647;
			files = (
				68B357662E156F8F00B8BC0D /* CountriesFlags.swift in Sources */,
				687130F62E1466F0000E0CDA /* UIImage+Extension.swift in Sources */,
				68B357602E154C9200B8BC0D /* UIImage+Ukraine.swift in Sources */,
				68B357622E154EAC00B8BC0D /* UIImage+Russian.swift in Sources */,
			);
			runOnlyForDeploymentPostprocessing = 0;
		};
		687130DF2E14667A000E0CDA /* Sources */ = {
			isa = PBXSourcesBuildPhase;
			buildActionMask = 2147483647;
			files = (
				687130E92E14667A000E0CDA /* CountriesFlagsTests.swift in Sources */,
			);
			runOnlyForDeploymentPostprocessing = 0;
		};
/* End PBXSourcesBuildPhase section */

/* Begin PBXTargetDependency section */
		687130E62E14667A000E0CDA /* PBXTargetDependency */ = {
			isa = PBXTargetDependency;
			target = 687130D82E14667A000E0CDA /* CountriesFlags */;
			targetProxy = 687130E52E14667A000E0CDA /* PBXContainerItemProxy */;
		};
/* End PBXTargetDependency section */

/* Begin XCBuildConfiguration section */
		687130EB2E14667A000E0CDA /* Debug */ = {
			isa = XCBuildConfiguration;
			buildSettings = {
				ALWAYS_SEARCH_USER_PATHS = NO;
				CLANG_ANALYZER_NONNULL = YES;
				CLANG_ANALYZER_NUMBER_OBJECT_CONVERSION = YES_AGGRESSIVE;
				CLANG_CXX_LANGUAGE_STANDARD = "gnu++20";
				CLANG_ENABLE_MODULES = YES;
				CLANG_ENABLE_OBJC_ARC = YES;
				CLANG_ENABLE_OBJC_WEAK = YES;
				CLANG_WARN_BLOCK_CAPTURE_AUTORELEASING = YES;
				CLANG_WARN_BOOL_CONVERSION = YES;
				CLANG_WARN_COMMA = YES;
				CLANG_WARN_CONSTANT_CONVERSION = YES;
				CLANG_WARN_DEPRECATED_OBJC_IMPLEMENTATIONS = YES;
				CLANG_WARN_DIRECT_OBJC_ISA_USAGE = YES_ERROR;
				CLANG_WARN_DOCUMENTATION_COMMENTS = YES;
				CLANG_WARN_EMPTY_BODY = YES;
				CLANG_WARN_ENUM_CONVERSION = YES;
				CLANG_WARN_INFINITE_RECURSION = YES;
				CLANG_WARN_INT_CONVERSION = YES;
				CLANG_WARN_NON_LITERAL_NULL_CONVERSION = YES;
				CLANG_WARN_OBJC_IMPLICIT_RETAIN_SELF = YES;
				CLANG_WARN_OBJC_LITERAL_CONVERSION = YES;
				CLANG_WARN_OBJC_ROOT_CLASS = YES_ERROR;
				CLANG_WARN_QUOTED_INCLUDE_IN_FRAMEWORK_HEADER = YES;
				CLANG_WARN_RANGE_LOOP_ANALYSIS = YES;
				CLANG_WARN_STRICT_PROTOTYPES = YES;
				CLANG_WARN_SUSPICIOUS_MOVE = YES;
				CLANG_WARN_UNGUARDED_AVAILABILITY = YES_AGGRESSIVE;
				CLANG_WARN_UNREACHABLE_CODE = YES;
				CLANG_WARN__DUPLICATE_METHOD_MATCH = YES;
				COPY_PHASE_STRIP = NO;
				CURRENT_PROJECT_VERSION = 1;
				DEBUG_INFORMATION_FORMAT = dwarf;
				ENABLE_STRICT_OBJC_MSGSEND = YES;
				ENABLE_TESTABILITY = YES;
				GCC_C_LANGUAGE_STANDARD = gnu11;
				GCC_DYNAMIC_NO_PIC = NO;
				GCC_NO_COMMON_BLOCKS = YES;
				GCC_OPTIMIZATION_LEVEL = 0;
				GCC_PREPROCESSOR_DEFINITIONS = (
					"DEBUG=1",
					"$(inherited)",
				);
				GCC_WARN_64_TO_32_BIT_CONVERSION = YES;
				GCC_WARN_ABOUT_RETURN_TYPE = YES_ERROR;
				GCC_WARN_UNDECLARED_SELECTOR = YES;
				GCC_WARN_UNINITIALIZED_AUTOS = YES_AGGRESSIVE;
				GCC_WARN_UNUSED_FUNCTION = YES;
				GCC_WARN_UNUSED_VARIABLE = YES;
				IPHONEOS_DEPLOYMENT_TARGET = 11.0;
				MTL_ENABLE_DEBUG_INFO = INCLUDE_SOURCE;
				MTL_FAST_MATH = YES;
				ONLY_ACTIVE_ARCH = YES;
				SDKROOT = iphoneos;
				SWIFT_ACTIVE_COMPILATION_CONDITIONS = DEBUG;
				SWIFT_OPTIMIZATION_LEVEL = "-Onone";
				VERSIONING_SYSTEM = "apple-generic";
				VERSION_INFO_PREFIX = "";
			};
			name = Debug;
		};
		687130EC2E14667A000E0CDA /* Release */ = {
			isa = XCBuildConfiguration;
			buildSettings = {
				ALWAYS_SEARCH_USER_PATHS = NO;
				CLANG_ANALYZER_NONNULL = YES;
				CLANG_ANALYZER_NUMBER_OBJECT_CONVERSION = YES_AGGRESSIVE;
				CLANG_CXX_LANGUAGE_STANDARD = "gnu++20";
				CLANG_ENABLE_MODULES = YES;
				CLANG_ENABLE_OBJC_ARC = YES;
				CLANG_ENABLE_OBJC_WEAK = YES;
				CLANG_WARN_BLOCK_CAPTURE_AUTORELEASING = YES;
				CLANG_WARN_BOOL_CONVERSION = YES;
				CLANG_WARN_COMMA = YES;
				CLANG_WARN_CONSTANT_CONVERSION = YES;
				CLANG_WARN_DEPRECATED_OBJC_IMPLEMENTATIONS = YES;
				CLANG_WARN_DIRECT_OBJC_ISA_USAGE = YES_ERROR;
				CLANG_WARN_DOCUMENTATION_COMMENTS = YES;
				CLANG_WARN_EMPTY_BODY = YES;
				CLANG_WARN_ENUM_CONVERSION = YES;
				CLANG_WARN_INFINITE_RECURSION = YES;
				CLANG_WARN_INT_CONVERSION = YES;
				CLANG_WARN_NON_LITERAL_NULL_CONVERSION = YES;
				CLANG_WARN_OBJC_IMPLICIT_RETAIN_SELF = YES;
				CLANG_WARN_OBJC_LITERAL_CONVERSION = YES;
				CLANG_WARN_OBJC_ROOT_CLASS = YES_ERROR;
				CLANG_WARN_QUOTED_INCLUDE_IN_FRAMEWORK_HEADER = YES;
				CLANG_WARN_RANGE_LOOP_ANALYSIS = YES;
				CLANG_WARN_STRICT_PROTOTYPES = YES;
				CLANG_WARN_SUSPICIOUS_MOVE = YES;
				CLANG_WARN_UNGUARDED_AVAILABILITY = YES_AGGRESSIVE;
				CLANG_WARN_UNREACHABLE_CODE = YES;
				CLANG_WARN__DUPLICATE_METHOD_MATCH = YES;
				COPY_PHASE_STRIP = NO;
				CURRENT_PROJECT_VERSION = 1;
				DEBUG_INFORMATION_FORMAT = "dwarf-with-dsym";
				ENABLE_NS_ASSERTIONS = NO;
				ENABLE_STRICT_OBJC_MSGSEND = YES;
				GCC_C_LANGUAGE_STANDARD = gnu11;
				GCC_NO_COMMON_BLOCKS = YES;
				GCC_WARN_64_TO_32_BIT_CONVERSION = YES;
				GCC_WARN_ABOUT_RETURN_TYPE = YES_ERROR;
				GCC_WARN_UNDECLARED_SELECTOR = YES;
				GCC_WARN_UNINITIALIZED_AUTOS = YES_AGGRESSIVE;
				GCC_WARN_UNUSED_FUNCTION = YES;
				GCC_WARN_UNUSED_VARIABLE = YES;
				IPHONEOS_DEPLOYMENT_TARGET = 11.0;
				MTL_ENABLE_DEBUG_INFO = NO;
				MTL_FAST_MATH = YES;
				SDKROOT = iphoneos;
				SWIFT_COMPILATION_MODE = wholemodule;
				SWIFT_OPTIMIZATION_LEVEL = "-O";
				VALIDATE_PRODUCT = YES;
				VERSIONING_SYSTEM = "apple-generic";
				VERSION_INFO_PREFIX = "";
			};
			name = Release;
		};
		687130EE2E14667A000E0CDA /* Debug */ = {
			isa = XCBuildConfiguration;
			buildSettings = {
				CODE_SIGN_STYLE = Automatic;
				CURRENT_PROJECT_VERSION = 1;
				DEFINES_MODULE = YES;
				DYLIB_COMPATIBILITY_VERSION = 1;
				DYLIB_CURRENT_VERSION = 1;
				DYLIB_INSTALL_NAME_BASE = "@rpath";
				GENERATE_INFOPLIST_FILE = YES;
				INFOPLIST_KEY_NSHumanReadableCopyright = "";
				INSTALL_PATH = "$(LOCAL_LIBRARY_DIR)/Frameworks";
				IPHONEOS_DEPLOYMENT_TARGET = 11.0;
				LD_RUNPATH_SEARCH_PATHS = (
					"$(inherited)",
					"@executable_path/Frameworks",
					"@loader_path/Frameworks",
				);
				MARKETING_VERSION = 1.0;
				PRODUCT_BUNDLE_IDENTIFIER = gtd.CountriesFlags;
				PRODUCT_NAME = "$(TARGET_NAME:c99extidentifier)";
				SKIP_INSTALL = YES;
				SWIFT_EMIT_LOC_STRINGS = YES;
				SWIFT_VERSION = 5.0;
				TARGETED_DEVICE_FAMILY = "1,2";
			};
			name = Debug;
		};
		687130EF2E14667A000E0CDA /* Release */ = {
			isa = XCBuildConfiguration;
			buildSettings = {
				CODE_SIGN_STYLE = Automatic;
				CURRENT_PROJECT_VERSION = 1;
				DEFINES_MODULE = YES;
				DYLIB_COMPATIBILITY_VERSION = 1;
				DYLIB_CURRENT_VERSION = 1;
				DYLIB_INSTALL_NAME_BASE = "@rpath";
				GENERATE_INFOPLIST_FILE = YES;
				INFOPLIST_KEY_NSHumanReadableCopyright = "";
				INSTALL_PATH = "$(LOCAL_LIBRARY_DIR)/Frameworks";
				IPHONEOS_DEPLOYMENT_TARGET = 11.0;
				LD_RUNPATH_SEARCH_PATHS = (
					"$(inherited)",
					"@executable_path/Frameworks",
					"@loader_path/Frameworks",
				);
				MARKETING_VERSION = 1.0;
				PRODUCT_BUNDLE_IDENTIFIER = gtd.CountriesFlags;
				PRODUCT_NAME = "$(TARGET_NAME:c99extidentifier)";
				SKIP_INSTALL = YES;
				SWIFT_EMIT_LOC_STRINGS = YES;
				SWIFT_VERSION = 5.0;
				TARGETED_DEVICE_FAMILY = "1,2";
			};
			name = Release;
		};
		687130F12E14667A000E0CDA /* Debug */ = {
			isa = XCBuildConfiguration;
			buildSettings = {
				ALWAYS_EMBED_SWIFT_STANDARD_LIBRARIES = YES;
				CODE_SIGN_STYLE = Automatic;
				CURRENT_PROJECT_VERSION = 1;
				GENERATE_INFOPLIST_FILE = YES;
				IPHONEOS_DEPLOYMENT_TARGET = 11.0;
				MARKETING_VERSION = 1.0;
				PRODUCT_BUNDLE_IDENTIFIER = gtd.CountriesFlagsTests;
				PRODUCT_NAME = "$(TARGET_NAME)";
				SWIFT_EMIT_LOC_STRINGS = NO;
				SWIFT_VERSION = 5.0;
				TARGETED_DEVICE_FAMILY = "1,2";
			};
			name = Debug;
		};
		687130F22E14667A000E0CDA /* Release */ = {
			isa = XCBuildConfiguration;
			buildSettings = {
				ALWAYS_EMBED_SWIFT_STANDARD_LIBRARIES = YES;
				CODE_SIGN_STYLE = Automatic;
				CURRENT_PROJECT_VERSION = 1;
				GENERATE_INFOPLIST_FILE = YES;
				IPHONEOS_DEPLOYMENT_TARGET = 11.0;
				MARKETING_VERSION = 1.0;
				PRODUCT_BUNDLE_IDENTIFIER = gtd.CountriesFlagsTests;
				PRODUCT_NAME = "$(TARGET_NAME)";
				SWIFT_EMIT_LOC_STRINGS = NO;
				SWIFT_VERSION = 5.0;
				TARGETED_DEVICE_FAMILY = "1,2";
			};
			name = Release;
		};
/* End XCBuildConfiguration section */

/* Begin XCConfigurationList section */
		687130D32E14667A000E0CDA /* Build configuration list for PBXProject "CountriesFlags" */ = {
			isa = XCConfigurationList;
			buildConfigurations = (
				687130EB2E14667A000E0CDA /* Debug */,
				687130EC2E14667A000E0CDA /* Release */,
			);
			defaultConfigurationIsVisible = 0;
			defaultConfigurationName = Release;
		};
		687130ED2E14667A000E0CDA /* Build configuration list for PBXNativeTarget "CountriesFlags" */ = {
			isa = XCConfigurationList;
			buildConfigurations = (
				687130EE2E14667A000E0CDA /* Debug */,
				687130EF2E14667A000E0CDA /* Release */,
			);
			defaultConfigurationIsVisible = 0;
			defaultConfigurationName = Release;
		};
		687130F02E14667A000E0CDA /* Build configuration list for PBXNativeTarget "CountriesFlagsTests" */ = {
			isa = XCConfigurationList;
			buildConfigurations = (
				687130F12E14667A000E0CDA /* Debug */,
				687130F22E14667A000E0CDA /* Release */,
			);
			defaultConfigurationIsVisible = 0;
			defaultConfigurationName = Release;
		};
/* End XCConfigurationList section */
	};
	rootObject = 687130D02E14667A000E0CDA /* Project object */;
}
