// !$*UTF8*$!
{
	archiveVersion = 1;
	classes = {
	};
	objectVersion = 56;
	objects = {

/* Begin PBXBuildFile section */
		68B357742E15D25D00B8BC0D /* AppDelegate.swift in Sources */ = {isa = PBXBuildFile; fileRef = 68B357732E15D25D00B8BC0D /* AppDelegate.swift */; };
		68B357762E15D25D00B8BC0D /* SceneDelegate.swift in Sources */ = {isa = PBXBuildFile; fileRef = 68B357752E15D25D00B8BC0D /* SceneDelegate.swift */; };
		68B357782E15D25D00B8BC0D /* ViewController.swift in Sources */ = {isa = PBXBuildFile; fileRef = 68B357772E15D25D00B8BC0D /* ViewController.swift */; };
		68B3577B2E15D25D00B8BC0D /* Main.storyboard in Resources */ = {isa = PBXBuildFile; fileRef = 68B357792E15D25D00B8BC0D /* Main.storyboard */; };
		68B3577D2E15D26100B8BC0D /* Assets.xcassets in Resources */ = {isa = PBXBuildFile; fileRef = 68B3577C2E15D26100B8BC0D /* Assets.xcassets */; };
		68B357802E15D26100B8BC0D /* LaunchScreen.storyboard in Resources */ = {isa = PBXBuildFile; fileRef = 68B3577E2E15D26100B8BC0D /* LaunchScreen.storyboard */; };
		68B357992E15DD9D00B8BC0D /* CountriesFlags in Frameworks */ = {isa = PBXBuildFile; productRef = 68B357982E15DD9D00B8BC0D /* CountriesFlags */; };
/* End PBXBuildFile section */

/* Begin PBXFileReference section */
		680C4E9F2E15E4BB0070E4F9 /* CountriesFlags */ = {isa = PBXFileReference; lastKnownFileType = wrapper; name = CountriesFlags; path = ..; sourceTree = "<group>"; };
		68B357702E15D25D00B8BC0D /* CountriesFlagsExample.app */ = {isa = PBXFileReference; explicitFileType = wrapper.application; includeInIndex = 0; path = CountriesFlagsExample.app; sourceTree = BUILT_PRODUCTS_DIR; };
		68B357732E15D25D00B8BC0D /* AppDelegate.swift */ = {isa = PBXFileReference; lastKnownFileType = sourcecode.swift; path = AppDelegate.swift; sourceTree = "<group>"; };
		68B357752E15D25D00B8BC0D /* SceneDelegate.swift */ = {isa = PBXFileReference; lastKnownFileType = sourcecode.swift; path = SceneDelegate.swift; sourceTree = "<group>"; };
		68B357772E15D25D00B8BC0D /* ViewController.swift */ = {isa = PBXFileReference; lastKnownFileType = sourcecode.swift; path = ViewController.swift; sourceTree = "<group>"; };
		68B3577A2E15D25D00B8BC0D /* Base */ = {isa = PBXFileReference; lastKnownFileType = file.storyboard; name = Base; path = Base.lproj/Main.storyboard; sourceTree = "<group>"; };
		68B3577C2E15D26100B8BC0D /* Assets.xcassets */ = {isa = PBXFileReference; lastKnownFileType = folder.assetcatalog; path = Assets.xcassets; sourceTree = "<group>"; };
		68B3577F2E15D26100B8BC0D /* Base */ = {isa = PBXFileReference; lastKnownFileType = file.storyboard; name = Base; path = Base.lproj/LaunchScreen.storyboard; sourceTree = "<group>"; };
		68B357812E15D26100B8BC0D /* Info.plist */ = {isa = PBXFileReference; lastKnownFileType = text.plist.xml; path = Info.plist; sourceTree = "<group>"; };
		68B3578B2E15D3B000B8BC0D /* CountriesFlagsExample.entitlements */ = {isa = PBXFileReference; lastKnownFileType = text.plist.entitlements; path = CountriesFlagsExample.entitlements; sourceTree = "<group>"; };
/* End PBXFileReference section */

/* Begin PBXFrameworksBuildPhase section */
		68B3576D2E15D25D00B8BC0D /* Frameworks */ = {
			isa = PBXFrameworksBuildPhase;
			buildActionMask = 2147483647;
			files = (
				68B357992E15DD9D00B8BC0D /* CountriesFlags in Frameworks */,
			);
			runOnlyForDeploymentPostprocessing = 0;
		};
/* End PBXFrameworksBuildPhase section */

/* Begin PBXGroup section */
		68B357672E15D25D00B8BC0D = {
			isa = PBXGroup;
			children = (
				680C4E9F2E15E4BB0070E4F9 /* CountriesFlags */,
				68B357722E15D25D00B8BC0D /* CountriesFlagsExample */,
				68B357712E15D25D00B8BC0D /* Products */,
			);
			sourceTree = "<group>";
		};
		68B357712E15D25D00B8BC0D /* Products */ = {
			isa = PBXGroup;
			children = (
				68B357702E15D25D00B8BC0D /* CountriesFlagsExample.app */,
			);
			name = Products;
			sourceTree = "<group>";
		};
		68B357722E15D25D00B8BC0D /* CountriesFlagsExample */ = {
			isa = PBXGroup;
			children = (
				68B3578B2E15D3B000B8BC0D /* CountriesFlagsExample.entitlements */,
				68B357732E15D25D00B8BC0D /* AppDelegate.swift */,
				68B357752E15D25D00B8BC0D /* SceneDelegate.swift */,
				68B357772E15D25D00B8BC0D /* ViewController.swift */,
				68B357792E15D25D00B8BC0D /* Main.storyboard */,
				68B3577C2E15D26100B8BC0D /* Assets.xcassets */,
				68B3577E2E15D26100B8BC0D /* LaunchScreen.storyboard */,
				68B357812E15D26100B8BC0D /* Info.plist */,
			);
			path = CountriesFlagsExample;
			sourceTree = "<group>";
		};
/* End PBXGroup section */

/* Begin PBXNativeTarget section */
		68B3576F2E15D25D00B8BC0D /* CountriesFlagsExample */ = {
			isa = PBXNativeTarget;
			buildConfigurationList = 68B357842E15D26100B8BC0D /* Build configuration list for PBXNativeTarget "CountriesFlagsExample" */;
			buildPhases = (
				68B3576C2E15D25D00B8BC0D /* Sources */,
				68B3576D2E15D25D00B8BC0D /* Frameworks */,
				68B3576E2E15D25D00B8BC0D /* Resources */,
			);
			buildRules = (
			);
			dependencies = (
			);
			name = CountriesFlagsExample;
			packageProductDependencies = (
				68B357982E15DD9D00B8BC0D /* CountriesFlags */,
			);
			productName = CountriesFlagsExample;
			productReference = 68B357702E15D25D00B8BC0D /* CountriesFlagsExample.app */;
			productType = "com.apple.product-type.application";
		};
/* End PBXNativeTarget section */

/* Begin PBXProject section */
		68B357682E15D25D00B8BC0D /* Project object */ = {
			isa = PBXProject;
			attributes = {
				BuildIndependentTargetsInParallel = 1;
				LastSwiftUpdateCheck = 1420;
				LastUpgradeCheck = 1420;
				TargetAttributes = {
					68B3576F2E15D25D00B8BC0D = {
						CreatedOnToolsVersion = 14.2;
					};
				};
			};
			buildConfigurationList = 68B3576B2E15D25D00B8BC0D /* Build configuration list for PBXProject "CountriesFlagsExample" */;
			compatibilityVersion = "Xcode 14.0";
			developmentRegion = en;
			hasScannedForEncodings = 0;
			knownRegions = (
				en,
				Base,
			);
			mainGroup = 68B357672E15D25D00B8BC0D;
			packageReferences = (
				68B357972E15DD9D00B8BC0D /* XCRemoteSwiftPackageReference "CountriesFlags" */,
			);
			productRefGroup = 68B357712E15D25D00B8BC0D /* Products */;
			projectDirPath = "";
			projectRoot = "";
			targets = (
				68B3576F2E15D25D00B8BC0D /* CountriesFlagsExample */,
			);
		};
/* End PBXProject section */

/* Begin PBXResourcesBuildPhase section */
		68B3576E2E15D25D00B8BC0D /* Resources */ = {
			isa = PBXResourcesBuildPhase;
			buildActionMask = 2147483647;
			files = (
				68B357802E15D26100B8BC0D /* LaunchScreen.storyboard in Resources */,
				68B3577D2E15D26100B8BC0D /* Assets.xcassets in Resources */,
				68B3577B2E15D25D00B8BC0D /* Main.storyboard in Resources */,
			);
			runOnlyForDeploymentPostprocessing = 0;
		};
/* End PBXResourcesBuildPhase section */

/* Begin PBXSourcesBuildPhase section */
		68B3576C2E15D25D00B8BC0D /* Sources */ = {
			isa = PBXSourcesBuildPhase;
			buildActionMask = 2147483647;
			files = (
				68B357782E15D25D00B8BC0D /* ViewController.swift in Sources */,
				68B357742E15D25D00B8BC0D /* AppDelegate.swift in Sources */,
				68B357762E15D25D00B8BC0D /* SceneDelegate.swift in Sources */,
			);
			runOnlyForDeploymentPostprocessing = 0;
		};
/* End PBXSourcesBuildPhase section */

/* Begin PBXVariantGroup section */
		68B357792E15D25D00B8BC0D /* Main.storyboard */ = {
			isa = PBXVariantGroup;
			children = (
				68B3577A2E15D25D00B8BC0D /* Base */,
			);
			name = Main.storyboard;
			sourceTree = "<group>";
		};
		68B3577E2E15D26100B8BC0D /* LaunchScreen.storyboard */ = {
			isa = PBXVariantGroup;
			children = (
				68B3577F2E15D26100B8BC0D /* Base */,
			);
			name = LaunchScreen.storyboard;
			sourceTree = "<group>";
		};
/* End PBXVariantGroup section */

/* Begin XCBuildConfiguration section */
		68B357822E15D26100B8BC0D /* Debug */ = {
			isa = XCBuildConfiguration;
			buildSettings = {
				ALWAYS_SEARCH_USER_PATHS = NO;
				CLANG_ANALYZER_NONNULL = YES;
				CLANG_ANALYZER_NUMBER_OBJECT_CONVERSION = YES_AGGRESSIVE;
				CLANG_CXX_LANGUAGE_STANDARD = "gnu++20";
				CLANG_ENABLE_MODULES = YES;
				CLANG_ENABLE_OBJC_ARC = YES;
				CLANG_ENABLE_OBJC_WEAK = YES;
				CLANG_WARN_BLOCK_CAPTURE_AUTORELEASING = YES;
				CLANG_WARN_BOOL_CONVERSION = YES;
				CLANG_WARN_COMMA = YES;
				CLANG_WARN_CONSTANT_CONVERSION = YES;
				CLANG_WARN_DEPRECATED_OBJC_IMPLEMENTATIONS = YES;
				CLANG_WARN_DIRECT_OBJC_ISA_USAGE = YES_ERROR;
				CLANG_WARN_DOCUMENTATION_COMMENTS = YES;
				CLANG_WARN_EMPTY_BODY = YES;
				CLANG_WARN_ENUM_CONVERSION = YES;
				CLANG_WARN_INFINITE_RECURSION = YES;
				CLANG_WARN_INT_CONVERSION = YES;
				CLANG_WARN_NON_LITERAL_NULL_CONVERSION = YES;
				CLANG_WARN_OBJC_IMPLICIT_RETAIN_SELF = YES;
				CLANG_WARN_OBJC_LITERAL_CONVERSION = YES;
				CLANG_WARN_OBJC_ROOT_CLASS = YES_ERROR;
				CLANG_WARN_QUOTED_INCLUDE_IN_FRAMEWORK_HEADER = YES;
				CLANG_WARN_RANGE_LOOP_ANALYSIS = YES;
				CLANG_WARN_STRICT_PROTOTYPES = YES;
				CLANG_WARN_SUSPICIOUS_MOVE = YES;
				CLANG_WARN_UNGUARDED_AVAILABILITY = YES_AGGRESSIVE;
				CLANG_WARN_UNREACHABLE_CODE = YES;
				CLANG_WARN__DUPLICATE_METHOD_MATCH = YES;
				COPY_PHASE_STRIP = NO;
				DEBUG_INFORMATION_FORMAT = dwarf;
				ENABLE_STRICT_OBJC_MSGSEND = YES;
				ENABLE_TESTABILITY = YES;
				GCC_C_LANGUAGE_STANDARD = gnu11;
				GCC_DYNAMIC_NO_PIC = NO;
				GCC_NO_COMMON_BLOCKS = YES;
				GCC_OPTIMIZATION_LEVEL = 0;
				GCC_PREPROCESSOR_DEFINITIONS = (
					"DEBUG=1",
					"$(inherited)",
				);
				GCC_WARN_64_TO_32_BIT_CONVERSION = YES;
				GCC_WARN_ABOUT_RETURN_TYPE = YES_ERROR;
				GCC_WARN_UNDECLARED_SELECTOR = YES;
				GCC_WARN_UNINITIALIZED_AUTOS = YES_AGGRESSIVE;
				GCC_WARN_UNUSED_FUNCTION = YES;
				GCC_WARN_UNUSED_VARIABLE = YES;
				IPHONEOS_DEPLOYMENT_TARGET = 13.0;
				MTL_ENABLE_DEBUG_INFO = INCLUDE_SOURCE;
				MTL_FAST_MATH = YES;
				ONLY_ACTIVE_ARCH = YES;
				SDKROOT = iphoneos;
				SWIFT_ACTIVE_COMPILATION_CONDITIONS = DEBUG;
				SWIFT_OPTIMIZATION_LEVEL = "-Onone";
			};
			name = Debug;
		};
		68B357832E15D26100B8BC0D /* Release */ = {
			isa = XCBuildConfiguration;
			buildSettings = {
				ALWAYS_SEARCH_USER_PATHS = NO;
				CLANG_ANALYZER_NONNULL = YES;
				CLANG_ANALYZER_NUMBER_OBJECT_CONVERSION = YES_AGGRESSIVE;
				CLANG_CXX_LANGUAGE_STANDARD = "gnu++20";
				CLANG_ENABLE_MODULES = YES;
				CLANG_ENABLE_OBJC_ARC = YES;
				CLANG_ENABLE_OBJC_WEAK = YES;
				CLANG_WARN_BLOCK_CAPTURE_AUTORELEASING = YES;
				CLANG_WARN_BOOL_CONVERSION = YES;
				CLANG_WARN_COMMA = YES;
				CLANG_WARN_CONSTANT_CONVERSION = YES;
				CLANG_WARN_DEPRECATED_OBJC_IMPLEMENTATIONS = YES;
				CLANG_WARN_DIRECT_OBJC_ISA_USAGE = YES_ERROR;
				CLANG_WARN_DOCUMENTATION_COMMENTS = YES;
				CLANG_WARN_EMPTY_BODY = YES;
				CLANG_WARN_ENUM_CONVERSION = YES;
				CLANG_WARN_INFINITE_RECURSION = YES;
				CLANG_WARN_INT_CONVERSION = YES;
				CLANG_WARN_NON_LITERAL_NULL_CONVERSION = YES;
				CLANG_WARN_OBJC_IMPLICIT_RETAIN_SELF = YES;
				CLANG_WARN_OBJC_LITERAL_CONVERSION = YES;
				CLANG_WARN_OBJC_ROOT_CLASS = YES_ERROR;
				CLANG_WARN_QUOTED_INCLUDE_IN_FRAMEWORK_HEADER = YES;
				CLANG_WARN_RANGE_LOOP_ANALYSIS = YES;
				CLANG_WARN_STRICT_PROTOTYPES = YES;
				CLANG_WARN_SUSPICIOUS_MOVE = YES;
				CLANG_WARN_UNGUARDED_AVAILABILITY = YES_AGGRESSIVE;
				CLANG_WARN_UNREACHABLE_CODE = YES;
				CLANG_WARN__DUPLICATE_METHOD_MATCH = YES;
				COPY_PHASE_STRIP = NO;
				DEBUG_INFORMATION_FORMAT = "dwarf-with-dsym";
				ENABLE_NS_ASSERTIONS = NO;
				ENABLE_STRICT_OBJC_MSGSEND = YES;
				GCC_C_LANGUAGE_STANDARD = gnu11;
				GCC_NO_COMMON_BLOCKS = YES;
				GCC_WARN_64_TO_32_BIT_CONVERSION = YES;
				GCC_WARN_ABOUT_RETURN_TYPE = YES_ERROR;
				GCC_WARN_UNDECLARED_SELECTOR = YES;
				GCC_WARN_UNINITIALIZED_AUTOS = YES_AGGRESSIVE;
				GCC_WARN_UNUSED_FUNCTION = YES;
				GCC_WARN_UNUSED_VARIABLE = YES;
				IPHONEOS_DEPLOYMENT_TARGET = 13.0;
				MTL_ENABLE_DEBUG_INFO = NO;
				MTL_FAST_MATH = YES;
				SDKROOT = iphoneos;
				SWIFT_COMPILATION_MODE = wholemodule;
				SWIFT_OPTIMIZATION_LEVEL = "-O";
				VALIDATE_PRODUCT = YES;
			};
			name = Release;
		};
		68B357852E15D26100B8BC0D /* Debug */ = {
			isa = XCBuildConfiguration;
			buildSettings = {
				ASSETCATALOG_COMPILER_APPICON_NAME = AppIcon;
				ASSETCATALOG_COMPILER_GLOBAL_ACCENT_COLOR_NAME = AccentColor;
				CODE_SIGN_ENTITLEMENTS = CountriesFlagsExample/CountriesFlagsExample.entitlements;
				CODE_SIGN_STYLE = Automatic;
				CURRENT_PROJECT_VERSION = 1;
				GENERATE_INFOPLIST_FILE = YES;
				INFOPLIST_FILE = CountriesFlagsExample/Info.plist;
				INFOPLIST_KEY_UIApplicationSupportsIndirectInputEvents = YES;
				INFOPLIST_KEY_UILaunchStoryboardName = LaunchScreen;
				INFOPLIST_KEY_UIMainStoryboardFile = Main;
				INFOPLIST_KEY_UISupportedInterfaceOrientations_iPad = "UIInterfaceOrientationPortrait UIInterfaceOrientationPortraitUpsideDown UIInterfaceOrientationLandscapeLeft UIInterfaceOrientationLandscapeRight";
				INFOPLIST_KEY_UISupportedInterfaceOrientations_iPhone = "UIInterfaceOrientationPortrait UIInterfaceOrientationLandscapeLeft UIInterfaceOrientationLandscapeRight";
				IPHONEOS_DEPLOYMENT_TARGET = 13.0;
				LD_RUNPATH_SEARCH_PATHS = (
					"$(inherited)",
					"@executable_path/Frameworks",
				);
				MARKETING_VERSION = 1.0;
				PRODUCT_BUNDLE_IDENTIFIER = gtd.CountriesFlagsExample;
				PRODUCT_NAME = "$(TARGET_NAME)";
				SUPPORTED_PLATFORMS = "iphoneos iphonesimulator";
				SUPPORTS_MACCATALYST = YES;
				SUPPORTS_MAC_DESIGNED_FOR_IPHONE_IPAD = NO;
				SWIFT_EMIT_LOC_STRINGS = YES;
				SWIFT_VERSION = 5.0;
				TARGETED_DEVICE_FAMILY = "1,2";
			};
			name = Debug;
		};
		68B357862E15D26100B8BC0D /* Release */ = {
			isa = XCBuildConfiguration;
			buildSettings = {
				ASSETCATALOG_COMPILER_APPICON_NAME = AppIcon;
				ASSETCATALOG_COMPILER_GLOBAL_ACCENT_COLOR_NAME = AccentColor;
				CODE_SIGN_ENTITLEMENTS = CountriesFlagsExample/CountriesFlagsExample.entitlements;
				CODE_SIGN_STYLE = Automatic;
				CURRENT_PROJECT_VERSION = 1;
				GENERATE_INFOPLIST_FILE = YES;
				INFOPLIST_FILE = CountriesFlagsExample/Info.plist;
				INFOPLIST_KEY_UIApplicationSupportsIndirectInputEvents = YES;
				INFOPLIST_KEY_UILaunchStoryboardName = LaunchScreen;
				INFOPLIST_KEY_UIMainStoryboardFile = Main;
				INFOPLIST_KEY_UISupportedInterfaceOrientations_iPad = "UIInterfaceOrientationPortrait UIInterfaceOrientationPortraitUpsideDown UIInterfaceOrientationLandscapeLeft UIInterfaceOrientationLandscapeRight";
				INFOPLIST_KEY_UISupportedInterfaceOrientations_iPhone = "UIInterfaceOrientationPortrait UIInterfaceOrientationLandscapeLeft UIInterfaceOrientationLandscapeRight";
				IPHONEOS_DEPLOYMENT_TARGET = 13.0;
				LD_RUNPATH_SEARCH_PATHS = (
					"$(inherited)",
					"@executable_path/Frameworks",
				);
				MARKETING_VERSION = 1.0;
				PRODUCT_BUNDLE_IDENTIFIER = gtd.CountriesFlagsExample;
				PRODUCT_NAME = "$(TARGET_NAME)";
				SUPPORTED_PLATFORMS = "iphoneos iphonesimulator";
				SUPPORTS_MACCATALYST = YES;
				SUPPORTS_MAC_DESIGNED_FOR_IPHONE_IPAD = NO;
				SWIFT_EMIT_LOC_STRINGS = YES;
				SWIFT_VERSION = 5.0;
				TARGETED_DEVICE_FAMILY = "1,2";
			};
			name = Release;
		};
/* End XCBuildConfiguration section */

/* Begin XCConfigurationList section */
		68B3576B2E15D25D00B8BC0D /* Build configuration list for PBXProject "CountriesFlagsExample" */ = {
			isa = XCConfigurationList;
			buildConfigurations = (
				68B357822E15D26100B8BC0D /* Debug */,
				68B357832E15D26100B8BC0D /* Release */,
			);
			defaultConfigurationIsVisible = 0;
			defaultConfigurationName = Release;
		};
		68B357842E15D26100B8BC0D /* Build configuration list for PBXNativeTarget "CountriesFlagsExample" */ = {
			isa = XCConfigurationList;
			buildConfigurations = (
				68B357852E15D26100B8BC0D /* Debug */,
				68B357862E15D26100B8BC0D /* Release */,
			);
			defaultConfigurationIsVisible = 0;
			defaultConfigurationName = Release;
		};
/* End XCConfigurationList section */

/* Begin XCRemoteSwiftPackageReference section */
		68B357972E15DD9D00B8BC0D /* XCRemoteSwiftPackageReference "CountriesFlags" */ = {
			isa = XCRemoteSwiftPackageReference;
			repositoryURL = "https://github.com/DVGnatuk/CountriesFlags.git";
			requirement = {
				branch = main;
				kind = branch;
			};
		};
/* End XCRemoteSwiftPackageReference section */

/* Begin XCSwiftPackageProductDependency section */
		68B357982E15DD9D00B8BC0D /* CountriesFlags */ = {
			isa = XCSwiftPackageProductDependency;
			package = 68B357972E15DD9D00B8BC0D /* XCRemoteSwiftPackageReference "CountriesFlags" */;
			productName = CountriesFlags;
		};
/* End XCSwiftPackageProductDependency section */
	};
	rootObject = 68B357682E15D25D00B8BC0D /* Project object */;
}
