{
  "pins" : [
    {
      "identity" : "countriesflags",
      "kind" : "remoteSourceControl",
      "location" : "https://github.com/DVGnatuk/CountriesFlags.git",
      "state" : {
        "branch" : "main",
        "revision" : "f4d65b440a93e590a1ae059e6292def724d0c574"
      }
    }
  ],
  "version" : 2
}
