{
  "pins" : [
    {
      "identity" : "countriesflags",
      "kind" : "remoteSourceControl",
      "location" : "https://github.com/DVGnatuk/CountriesFlags.git",
      "state" : {
        "branch" : "main",
        "revision" : "dd2b98221b197ea7d2f131a662d191453d1fd7ce"
      }
    }
  ],
  "version" : 2
}
